
Microsoft Visual Studio Solution File, Format Version 12.00
# Visual Studio 15
VisualStudioVersion = 15.0.28307.168
MinimumVisualStudioVersion = 10.0.40219.1
Project("{FAE04EC0-301F-11D3-BF4B-00C04F79EFBC}") = "QuinShier.Android", "QuinShier\QuinShier.Android\QuinShier.Android.csproj", "{109DE661-7E62-493A-B14A-449ABE00C79A}"
EndProject
Project("{FAE04EC0-301F-11D3-BF4B-00C04F79EFBC}") = "QuinShier.iOS", "QuinShier\QuinShier.iOS\QuinShier.iOS.csproj", "{147156F2-1832-4690-A997-08AD71E53813}"
EndProject
Project("{FAE04EC0-301F-11D3-BF4B-00C04F79EFBC}") = "QuinShier.UWP", "QuinShier\QuinShier.UWP\QuinShier.UWP.csproj", "{575FAEB6-3FB0-4BFB-9EC8-5981983996E2}"
EndProject
Project("{D954291E-2A0B-460D-934E-DC6B0785DB48}") = "QuinShier", "QuinShier\QuinShier\QuinShier.shproj", "{7B0D26FD-D61F-4E6C-B4B4-5408EBC2A8D7}"
EndProject
Global
	GlobalSection(SharedMSBuildProjectFiles) = preSolution
		QuinShier\QuinShier\QuinShier.projitems*{109de661-7e62-493a-b14a-449abe00c79a}*SharedItemsImports = 4
		QuinShier\QuinShier\QuinShier.projitems*{147156f2-1832-4690-a997-08ad71e53813}*SharedItemsImports = 4
		QuinShier\QuinShier\QuinShier.projitems*{575faeb6-3fb0-4bfb-9ec8-5981983996e2}*SharedItemsImports = 4
		QuinShier\QuinShier\QuinShier.projitems*{7b0d26fd-d61f-4e6c-b4b4-5408ebc2a8d7}*SharedItemsImports = 13
	EndGlobalSection
	GlobalSection(SolutionConfigurationPlatforms) = preSolution
		Ad-Hoc|Any CPU = Ad-Hoc|Any CPU
		Ad-Hoc|ARM = Ad-Hoc|ARM
		Ad-Hoc|iPhone = Ad-Hoc|iPhone
		Ad-Hoc|iPhoneSimulator = Ad-Hoc|iPhoneSimulator
		Ad-Hoc|x64 = Ad-Hoc|x64
		Ad-Hoc|x86 = Ad-Hoc|x86
		AppStore|Any CPU = AppStore|Any CPU
		AppStore|ARM = AppStore|ARM
		AppStore|iPhone = AppStore|iPhone
		AppStore|iPhoneSimulator = AppStore|iPhoneSimulator
		AppStore|x64 = AppStore|x64
		AppStore|x86 = AppStore|x86
		Debug|Any CPU = Debug|Any CPU
		Debug|ARM = Debug|ARM
		Debug|iPhone = Debug|iPhone
		Debug|iPhoneSimulator = Debug|iPhoneSimulator
		Debug|x64 = Debug|x64
		Debug|x86 = Debug|x86
		Release|Any CPU = Release|Any CPU
		Release|ARM = Release|ARM
		Release|iPhone = Release|iPhone
		Release|iPhoneSimulator = Release|iPhoneSimulator
		Release|x64 = Release|x64
		Release|x86 = Release|x86
	EndGlobalSection
	GlobalSection(ProjectConfigurationPlatforms) = postSolution
		{109DE661-7E62-493A-B14A-449ABE00C79A}.Ad-Hoc|Any CPU.ActiveCfg = Release|Any CPU
		{109DE661-7E62-493A-B14A-449ABE00C79A}.Ad-Hoc|Any CPU.Build.0 = Release|Any CPU
		{109DE661-7E62-493A-B14A-449ABE00C79A}.Ad-Hoc|Any CPU.Deploy.0 = Release|Any CPU
		{109DE661-7E62-493A-B14A-449ABE00C79A}.Ad-Hoc|ARM.ActiveCfg = Release|Any CPU
		{109DE661-7E62-493A-B14A-449ABE00C79A}.Ad-Hoc|ARM.Build.0 = Release|Any CPU
		{109DE661-7E62-493A-B14A-449ABE00C79A}.Ad-Hoc|ARM.Deploy.0 = Release|Any CPU
		{109DE661-7E62-493A-B14A-449ABE00C79A}.Ad-Hoc|iPhone.ActiveCfg = Release|Any CPU
		{109DE661-7E62-493A-B14A-449ABE00C79A}.Ad-Hoc|iPhone.Build.0 = Release|Any CPU
		{109DE661-7E62-493A-B14A-449ABE00C79A}.Ad-Hoc|iPhone.Deploy.0 = Release|Any CPU
		{109DE661-7E62-493A-B14A-449ABE00C79A}.Ad-Hoc|iPhoneSimulator.ActiveCfg = Release|Any CPU
		{109DE661-7E62-493A-B14A-449ABE00C79A}.Ad-Hoc|iPhoneSimulator.Build.0 = Release|Any CPU
		{109DE661-7E62-493A-B14A-449ABE00C79A}.Ad-Hoc|iPhoneSimulator.Deploy.0 = Release|Any CPU
		{109DE661-7E62-493A-B14A-449ABE00C79A}.Ad-Hoc|x64.ActiveCfg = Release|Any CPU
		{109DE661-7E62-493A-B14A-449ABE00C79A}.Ad-Hoc|x64.Build.0 = Release|Any CPU
		{109DE661-7E62-493A-B14A-449ABE00C79A}.Ad-Hoc|x64.Deploy.0 = Release|Any CPU
		{109DE661-7E62-493A-B14A-449ABE00C79A}.Ad-Hoc|x86.ActiveCfg = Release|Any CPU
		{109DE661-7E62-493A-B14A-449ABE00C79A}.Ad-Hoc|x86.Build.0 = Release|Any CPU
		{109DE661-7E62-493A-B14A-449ABE00C79A}.Ad-Hoc|x86.Deploy.0 = Release|Any CPU
		{109DE661-7E62-493A-B14A-449ABE00C79A}.AppStore|Any CPU.ActiveCfg = Release|Any CPU
		{109DE661-7E62-493A-B14A-449ABE00C79A}.AppStore|Any CPU.Build.0 = Release|Any CPU
		{109DE661-7E62-493A-B14A-449ABE00C79A}.AppStore|Any CPU.Deploy.0 = Release|Any CPU
		{109DE661-7E62-493A-B14A-449ABE00C79A}.AppStore|ARM.ActiveCfg = Release|Any CPU
		{109DE661-7E62-493A-B14A-449ABE00C79A}.AppStore|ARM.Build.0 = Release|Any CPU
		{109DE661-7E62-493A-B14A-449ABE00C79A}.AppStore|ARM.Deploy.0 = Release|Any CPU
		{109DE661-7E62-493A-B14A-449ABE00C79A}.AppStore|iPhone.ActiveCfg = Release|Any CPU
		{109DE661-7E62-493A-B14A-449ABE00C79A}.AppStore|iPhone.Build.0 = Release|Any CPU
		{109DE661-7E62-493A-B14A-449ABE00C79A}.AppStore|iPhone.Deploy.0 = Release|Any CPU
		{109DE661-7E62-493A-B14A-449ABE00C79A}.AppStore|iPhoneSimulator.ActiveCfg = Release|Any CPU
		{109DE661-7E62-493A-B14A-449ABE00C79A}.AppStore|iPhoneSimulator.Build.0 = Release|Any CPU
		{109DE661-7E62-493A-B14A-449ABE00C79A}.AppStore|iPhoneSimulator.Deploy.0 = Release|Any CPU
		{109DE661-7E62-493A-B14A-449ABE00C79A}.AppStore|x64.ActiveCfg = Release|Any CPU
		{109DE661-7E62-493A-B14A-449ABE00C79A}.AppStore|x64.Build.0 = Release|Any CPU
		{109DE661-7E62-493A-B14A-449ABE00C79A}.AppStore|x64.Deploy.0 = Release|Any CPU
		{109DE661-7E62-493A-B14A-449ABE00C79A}.AppStore|x86.ActiveCfg = Release|Any CPU
		{109DE661-7E62-493A-B14A-449ABE00C79A}.AppStore|x86.Build.0 = Release|Any CPU
		{109DE661-7E62-493A-B14A-449ABE00C79A}.AppStore|x86.Deploy.0 = Release|Any CPU
		{109DE661-7E62-493A-B14A-449ABE00C79A}.Debug|Any CPU.ActiveCfg = Debug|Any CPU
		{109DE661-7E62-493A-B14A-449ABE00C79A}.Debug|Any CPU.Build.0 = Debug|Any CPU
		{109DE661-7E62-493A-B14A-449ABE00C79A}.Debug|Any CPU.Deploy.0 = Debug|Any CPU
		{109DE661-7E62-493A-B14A-449ABE00C79A}.Debug|ARM.ActiveCfg = Debug|Any CPU
		{109DE661-7E62-493A-B14A-449ABE00C79A}.Debug|ARM.Build.0 = Debug|Any CPU
		{109DE661-7E62-493A-B14A-449ABE00C79A}.Debug|ARM.Deploy.0 = Debug|Any CPU
		{109DE661-7E62-493A-B14A-449ABE00C79A}.Debug|iPhone.ActiveCfg = Debug|Any CPU
		{109DE661-7E62-493A-B14A-449ABE00C79A}.Debug|iPhone.Build.0 = Debug|Any CPU
		{109DE661-7E62-493A-B14A-449ABE00C79A}.Debug|iPhone.Deploy.0 = Debug|Any CPU
		{109DE661-7E62-493A-B14A-449ABE00C79A}.Debug|iPhoneSimulator.ActiveCfg = Debug|Any CPU
		{109DE661-7E62-493A-B14A-449ABE00C79A}.Debug|iPhoneSimulator.Build.0 = Debug|Any CPU
		{109DE661-7E62-493A-B14A-449ABE00C79A}.Debug|iPhoneSimulator.Deploy.0 = Debug|Any CPU
		{109DE661-7E62-493A-B14A-449ABE00C79A}.Debug|x64.ActiveCfg = Debug|Any CPU
		{109DE661-7E62-493A-B14A-449ABE00C79A}.Debug|x64.Build.0 = Debug|Any CPU
		{109DE661-7E62-493A-B14A-449ABE00C79A}.Debug|x64.Deploy.0 = Debug|Any CPU
		{109DE661-7E62-493A-B14A-449ABE00C79A}.Debug|x86.ActiveCfg = Debug|Any CPU
		{109DE661-7E62-493A-B14A-449ABE00C79A}.Debug|x86.Build.0 = Debug|Any CPU
		{109DE661-7E62-493A-B14A-449ABE00C79A}.Debug|x86.Deploy.0 = Debug|Any CPU
		{109DE661-7E62-493A-B14A-449ABE00C79A}.Release|Any CPU.ActiveCfg = Release|Any CPU
		{109DE661-7E62-493A-B14A-449ABE00C79A}.Release|Any CPU.Build.0 = Release|Any CPU
		{109DE661-7E62-493A-B14A-449ABE00C79A}.Release|Any CPU.Deploy.0 = Release|Any CPU
		{109DE661-7E62-493A-B14A-449ABE00C79A}.Release|ARM.ActiveCfg = Release|Any CPU
		{109DE661-7E62-493A-B14A-449ABE00C79A}.Release|ARM.Build.0 = Release|Any CPU
		{109DE661-7E62-493A-B14A-449ABE00C79A}.Release|ARM.Deploy.0 = Release|Any CPU
		{109DE661-7E62-493A-B14A-449ABE00C79A}.Release|iPhone.ActiveCfg = Release|Any CPU
		{109DE661-7E62-493A-B14A-449ABE00C79A}.Release|iPhone.Build.0 = Release|Any CPU
		{109DE661-7E62-493A-B14A-449ABE00C79A}.Release|iPhone.Deploy.0 = Release|Any CPU
		{109DE661-7E62-493A-B14A-449ABE00C79A}.Release|iPhoneSimulator.ActiveCfg = Release|Any CPU
		{109DE661-7E62-493A-B14A-449ABE00C79A}.Release|iPhoneSimulator.Build.0 = Release|Any CPU
		{109DE661-7E62-493A-B14A-449ABE00C79A}.Release|iPhoneSimulator.Deploy.0 = Release|Any CPU
		{109DE661-7E62-493A-B14A-449ABE00C79A}.Release|x64.ActiveCfg = Release|Any CPU
		{109DE661-7E62-493A-B14A-449ABE00C79A}.Release|x64.Build.0 = Release|Any CPU
		{109DE661-7E62-493A-B14A-449ABE00C79A}.Release|x64.Deploy.0 = Release|Any CPU
		{109DE661-7E62-493A-B14A-449ABE00C79A}.Release|x86.ActiveCfg = Release|Any CPU
		{109DE661-7E62-493A-B14A-449ABE00C79A}.Release|x86.Build.0 = Release|Any CPU
		{109DE661-7E62-493A-B14A-449ABE00C79A}.Release|x86.Deploy.0 = Release|Any CPU
		{147156F2-1832-4690-A997-08AD71E53813}.Ad-Hoc|Any CPU.ActiveCfg = Ad-Hoc|iPhone
		{147156F2-1832-4690-A997-08AD71E53813}.Ad-Hoc|Any CPU.Build.0 = Ad-Hoc|iPhone
		{147156F2-1832-4690-A997-08AD71E53813}.Ad-Hoc|Any CPU.Deploy.0 = Ad-Hoc|iPhone
		{147156F2-1832-4690-A997-08AD71E53813}.Ad-Hoc|ARM.ActiveCfg = Ad-Hoc|iPhone
		{147156F2-1832-4690-A997-08AD71E53813}.Ad-Hoc|ARM.Build.0 = Ad-Hoc|iPhone
		{147156F2-1832-4690-A997-08AD71E53813}.Ad-Hoc|ARM.Deploy.0 = Ad-Hoc|iPhone
		{147156F2-1832-4690-A997-08AD71E53813}.Ad-Hoc|iPhone.ActiveCfg = Ad-Hoc|iPhone
		{147156F2-1832-4690-A997-08AD71E53813}.Ad-Hoc|iPhone.Build.0 = Ad-Hoc|iPhone
		{147156F2-1832-4690-A997-08AD71E53813}.Ad-Hoc|iPhone.Deploy.0 = Ad-Hoc|iPhone
		{147156F2-1832-4690-A997-08AD71E53813}.Ad-Hoc|iPhoneSimulator.ActiveCfg = Ad-Hoc|iPhoneSimulator
		{147156F2-1832-4690-A997-08AD71E53813}.Ad-Hoc|iPhoneSimulator.Build.0 = Ad-Hoc|iPhoneSimulator
		{147156F2-1832-4690-A997-08AD71E53813}.Ad-Hoc|iPhoneSimulator.Deploy.0 = Ad-Hoc|iPhoneSimulator
		{147156F2-1832-4690-A997-08AD71E53813}.Ad-Hoc|x64.ActiveCfg = Ad-Hoc|iPhone
		{147156F2-1832-4690-A997-08AD71E53813}.Ad-Hoc|x64.Build.0 = Ad-Hoc|iPhone
		{147156F2-1832-4690-A997-08AD71E53813}.Ad-Hoc|x64.Deploy.0 = Ad-Hoc|iPhone
		{147156F2-1832-4690-A997-08AD71E53813}.Ad-Hoc|x86.ActiveCfg = Ad-Hoc|iPhone
		{147156F2-1832-4690-A997-08AD71E53813}.Ad-Hoc|x86.Build.0 = Ad-Hoc|iPhone
		{147156F2-1832-4690-A997-08AD71E53813}.Ad-Hoc|x86.Deploy.0 = Ad-Hoc|iPhone
		{147156F2-1832-4690-A997-08AD71E53813}.AppStore|Any CPU.ActiveCfg = AppStore|iPhone
		{147156F2-1832-4690-A997-08AD71E53813}.AppStore|Any CPU.Build.0 = AppStore|iPhone
		{147156F2-1832-4690-A997-08AD71E53813}.AppStore|Any CPU.Deploy.0 = AppStore|iPhone
		{147156F2-1832-4690-A997-08AD71E53813}.AppStore|ARM.ActiveCfg = AppStore|iPhone
		{147156F2-1832-4690-A997-08AD71E53813}.AppStore|ARM.Build.0 = AppStore|iPhone
		{147156F2-1832-4690-A997-08AD71E53813}.AppStore|ARM.Deploy.0 = AppStore|iPhone
		{147156F2-1832-4690-A997-08AD71E53813}.AppStore|iPhone.ActiveCfg = AppStore|iPhone
		{147156F2-1832-4690-A997-08AD71E53813}.AppStore|iPhone.Build.0 = AppStore|iPhone
		{147156F2-1832-4690-A997-08AD71E53813}.AppStore|iPhone.Deploy.0 = AppStore|iPhone
		{147156F2-1832-4690-A997-08AD71E53813}.AppStore|iPhoneSimulator.ActiveCfg = AppStore|iPhoneSimulator
		{147156F2-1832-4690-A997-08AD71E53813}.AppStore|iPhoneSimulator.Build.0 = AppStore|iPhoneSimulator
		{147156F2-1832-4690-A997-08AD71E53813}.AppStore|iPhoneSimulator.Deploy.0 = AppStore|iPhoneSimulator
		{147156F2-1832-4690-A997-08AD71E53813}.AppStore|x64.ActiveCfg = AppStore|iPhone
		{147156F2-1832-4690-A997-08AD71E53813}.AppStore|x64.Build.0 = AppStore|iPhone
		{147156F2-1832-4690-A997-08AD71E53813}.AppStore|x64.Deploy.0 = AppStore|iPhone
		{147156F2-1832-4690-A997-08AD71E53813}.AppStore|x86.ActiveCfg = AppStore|iPhone
		{147156F2-1832-4690-A997-08AD71E53813}.AppStore|x86.Build.0 = AppStore|iPhone
		{147156F2-1832-4690-A997-08AD71E53813}.AppStore|x86.Deploy.0 = AppStore|iPhone
		{147156F2-1832-4690-A997-08AD71E53813}.Debug|Any CPU.ActiveCfg = Debug|iPhoneSimulator
		{147156F2-1832-4690-A997-08AD71E53813}.Debug|Any CPU.Build.0 = Debug|iPhoneSimulator
		{147156F2-1832-4690-A997-08AD71E53813}.Debug|Any CPU.Deploy.0 = Debug|iPhoneSimulator
		{147156F2-1832-4690-A997-08AD71E53813}.Debug|ARM.ActiveCfg = Debug|iPhone
		{147156F2-1832-4690-A997-08AD71E53813}.Debug|ARM.Build.0 = Debug|iPhone
		{147156F2-1832-4690-A997-08AD71E53813}.Debug|ARM.Deploy.0 = Debug|iPhone
		{147156F2-1832-4690-A997-08AD71E53813}.Debug|iPhone.ActiveCfg = Debug|iPhone
		{147156F2-1832-4690-A997-08AD71E53813}.Debug|iPhone.Build.0 = Debug|iPhone
		{147156F2-1832-4690-A997-08AD71E53813}.Debug|iPhone.Deploy.0 = Debug|iPhone
		{147156F2-1832-4690-A997-08AD71E53813}.Debug|iPhoneSimulator.ActiveCfg = Debug|iPhoneSimulator
		{147156F2-1832-4690-A997-08AD71E53813}.Debug|iPhoneSimulator.Build.0 = Debug|iPhoneSimulator
		{147156F2-1832-4690-A997-08AD71E53813}.Debug|iPhoneSimulator.Deploy.0 = Debug|iPhoneSimulator
		{147156F2-1832-4690-A997-08AD71E53813}.Debug|x64.ActiveCfg = Debug|iPhone
		{147156F2-1832-4690-A997-08AD71E53813}.Debug|x64.Build.0 = Debug|iPhone
		{147156F2-1832-4690-A997-08AD71E53813}.Debug|x64.Deploy.0 = Debug|iPhone
		{147156F2-1832-4690-A997-08AD71E53813}.Debug|x86.ActiveCfg = Debug|iPhone
		{147156F2-1832-4690-A997-08AD71E53813}.Debug|x86.Build.0 = Debug|iPhone
		{147156F2-1832-4690-A997-08AD71E53813}.Debug|x86.Deploy.0 = Debug|iPhone
		{147156F2-1832-4690-A997-08AD71E53813}.Release|Any CPU.ActiveCfg = Release|iPhone
		{147156F2-1832-4690-A997-08AD71E53813}.Release|Any CPU.Build.0 = Release|iPhone
		{147156F2-1832-4690-A997-08AD71E53813}.Release|Any CPU.Deploy.0 = Release|iPhone
		{147156F2-1832-4690-A997-08AD71E53813}.Release|ARM.ActiveCfg = Release|iPhone
		{147156F2-1832-4690-A997-08AD71E53813}.Release|ARM.Build.0 = Release|iPhone
		{147156F2-1832-4690-A997-08AD71E53813}.Release|ARM.Deploy.0 = Release|iPhone
		{147156F2-1832-4690-A997-08AD71E53813}.Release|iPhone.ActiveCfg = Release|iPhone
		{147156F2-1832-4690-A997-08AD71E53813}.Release|iPhone.Build.0 = Release|iPhone
		{147156F2-1832-4690-A997-08AD71E53813}.Release|iPhone.Deploy.0 = Release|iPhone
		{147156F2-1832-4690-A997-08AD71E53813}.Release|iPhoneSimulator.ActiveCfg = Release|iPhoneSimulator
		{147156F2-1832-4690-A997-08AD71E53813}.Release|iPhoneSimulator.Build.0 = Release|iPhoneSimulator
		{147156F2-1832-4690-A997-08AD71E53813}.Release|iPhoneSimulator.Deploy.0 = Release|iPhoneSimulator
		{147156F2-1832-4690-A997-08AD71E53813}.Release|x64.ActiveCfg = Release|iPhone
		{147156F2-1832-4690-A997-08AD71E53813}.Release|x64.Build.0 = Release|iPhone
		{147156F2-1832-4690-A997-08AD71E53813}.Release|x64.Deploy.0 = Release|iPhone
		{147156F2-1832-4690-A997-08AD71E53813}.Release|x86.ActiveCfg = Release|iPhone
		{147156F2-1832-4690-A997-08AD71E53813}.Release|x86.Build.0 = Release|iPhone
		{147156F2-1832-4690-A997-08AD71E53813}.Release|x86.Deploy.0 = Release|iPhone
		{575FAEB6-3FB0-4BFB-9EC8-5981983996E2}.Ad-Hoc|Any CPU.ActiveCfg = Release|x86
		{575FAEB6-3FB0-4BFB-9EC8-5981983996E2}.Ad-Hoc|Any CPU.Build.0 = Release|x86
		{575FAEB6-3FB0-4BFB-9EC8-5981983996E2}.Ad-Hoc|Any CPU.Deploy.0 = Release|x86
		{575FAEB6-3FB0-4BFB-9EC8-5981983996E2}.Ad-Hoc|ARM.ActiveCfg = Release|ARM
		{575FAEB6-3FB0-4BFB-9EC8-5981983996E2}.Ad-Hoc|ARM.Build.0 = Release|ARM
		{575FAEB6-3FB0-4BFB-9EC8-5981983996E2}.Ad-Hoc|ARM.Deploy.0 = Release|ARM
		{575FAEB6-3FB0-4BFB-9EC8-5981983996E2}.Ad-Hoc|iPhone.ActiveCfg = Release|x86
		{575FAEB6-3FB0-4BFB-9EC8-5981983996E2}.Ad-Hoc|iPhone.Build.0 = Release|x86
		{575FAEB6-3FB0-4BFB-9EC8-5981983996E2}.Ad-Hoc|iPhone.Deploy.0 = Release|x86
		{575FAEB6-3FB0-4BFB-9EC8-5981983996E2}.Ad-Hoc|iPhoneSimulator.ActiveCfg = Release|x86
		{575FAEB6-3FB0-4BFB-9EC8-5981983996E2}.Ad-Hoc|iPhoneSimulator.Build.0 = Release|x86
		{575FAEB6-3FB0-4BFB-9EC8-5981983996E2}.Ad-Hoc|iPhoneSimulator.Deploy.0 = Release|x86
		{575FAEB6-3FB0-4BFB-9EC8-5981983996E2}.Ad-Hoc|x64.ActiveCfg = Release|x64
		{575FAEB6-3FB0-4BFB-9EC8-5981983996E2}.Ad-Hoc|x64.Build.0 = Release|x64
		{575FAEB6-3FB0-4BFB-9EC8-5981983996E2}.Ad-Hoc|x64.Deploy.0 = Release|x64
		{575FAEB6-3FB0-4BFB-9EC8-5981983996E2}.Ad-Hoc|x86.ActiveCfg = Release|x86
		{575FAEB6-3FB0-4BFB-9EC8-5981983996E2}.Ad-Hoc|x86.Build.0 = Release|x86
		{575FAEB6-3FB0-4BFB-9EC8-5981983996E2}.Ad-Hoc|x86.Deploy.0 = Release|x86
		{575FAEB6-3FB0-4BFB-9EC8-5981983996E2}.AppStore|Any CPU.ActiveCfg = Release|x86
		{575FAEB6-3FB0-4BFB-9EC8-5981983996E2}.AppStore|Any CPU.Build.0 = Release|x86
		{575FAEB6-3FB0-4BFB-9EC8-5981983996E2}.AppStore|Any CPU.Deploy.0 = Release|x86
		{575FAEB6-3FB0-4BFB-9EC8-5981983996E2}.AppStore|ARM.ActiveCfg = Release|ARM
		{575FAEB6-3FB0-4BFB-9EC8-5981983996E2}.AppStore|ARM.Build.0 = Release|ARM
		{575FAEB6-3FB0-4BFB-9EC8-5981983996E2}.AppStore|ARM.Deploy.0 = Release|ARM
		{575FAEB6-3FB0-4BFB-9EC8-5981983996E2}.AppStore|iPhone.ActiveCfg = Release|x86
		{575FAEB6-3FB0-4BFB-9EC8-5981983996E2}.AppStore|iPhone.Build.0 = Release|x86
		{575FAEB6-3FB0-4BFB-9EC8-5981983996E2}.AppStore|iPhone.Deploy.0 = Release|x86
		{575FAEB6-3FB0-4BFB-9EC8-5981983996E2}.AppStore|iPhoneSimulator.ActiveCfg = Release|x86
		{575FAEB6-3FB0-4BFB-9EC8-5981983996E2}.AppStore|iPhoneSimulator.Build.0 = Release|x86
		{575FAEB6-3FB0-4BFB-9EC8-5981983996E2}.AppStore|iPhoneSimulator.Deploy.0 = Release|x86
		{575FAEB6-3FB0-4BFB-9EC8-5981983996E2}.AppStore|x64.ActiveCfg = Release|x64
		{575FAEB6-3FB0-4BFB-9EC8-5981983996E2}.AppStore|x64.Build.0 = Release|x64
		{575FAEB6-3FB0-4BFB-9EC8-5981983996E2}.AppStore|x64.Deploy.0 = Release|x64
		{575FAEB6-3FB0-4BFB-9EC8-5981983996E2}.AppStore|x86.ActiveCfg = Release|x86
		{575FAEB6-3FB0-4BFB-9EC8-5981983996E2}.AppStore|x86.Build.0 = Release|x86
		{575FAEB6-3FB0-4BFB-9EC8-5981983996E2}.AppStore|x86.Deploy.0 = Release|x86
		{575FAEB6-3FB0-4BFB-9EC8-5981983996E2}.Debug|Any CPU.ActiveCfg = Debug|x86
		{575FAEB6-3FB0-4BFB-9EC8-5981983996E2}.Debug|Any CPU.Build.0 = Debug|x86
		{575FAEB6-3FB0-4BFB-9EC8-5981983996E2}.Debug|Any CPU.Deploy.0 = Debug|x86
		{575FAEB6-3FB0-4BFB-9EC8-5981983996E2}.Debug|ARM.ActiveCfg = Debug|ARM
		{575FAEB6-3FB0-4BFB-9EC8-5981983996E2}.Debug|ARM.Build.0 = Debug|ARM
		{575FAEB6-3FB0-4BFB-9EC8-5981983996E2}.Debug|ARM.Deploy.0 = Debug|ARM
		{575FAEB6-3FB0-4BFB-9EC8-5981983996E2}.Debug|iPhone.ActiveCfg = Debug|x86
		{575FAEB6-3FB0-4BFB-9EC8-5981983996E2}.Debug|iPhone.Build.0 = Debug|x86
		{575FAEB6-3FB0-4BFB-9EC8-5981983996E2}.Debug|iPhone.Deploy.0 = Debug|x86
		{575FAEB6-3FB0-4BFB-9EC8-5981983996E2}.Debug|iPhoneSimulator.ActiveCfg = Debug|x86
		{575FAEB6-3FB0-4BFB-9EC8-5981983996E2}.Debug|iPhoneSimulator.Build.0 = Debug|x86
		{575FAEB6-3FB0-4BFB-9EC8-5981983996E2}.Debug|iPhoneSimulator.Deploy.0 = Debug|x86
		{575FAEB6-3FB0-4BFB-9EC8-5981983996E2}.Debug|x64.ActiveCfg = Debug|x64
		{575FAEB6-3FB0-4BFB-9EC8-5981983996E2}.Debug|x64.Build.0 = Debug|x64
		{575FAEB6-3FB0-4BFB-9EC8-5981983996E2}.Debug|x64.Deploy.0 = Debug|x64
		{575FAEB6-3FB0-4BFB-9EC8-5981983996E2}.Debug|x86.ActiveCfg = Debug|x86
		{575FAEB6-3FB0-4BFB-9EC8-5981983996E2}.Debug|x86.Build.0 = Debug|x86
		{575FAEB6-3FB0-4BFB-9EC8-5981983996E2}.Debug|x86.Deploy.0 = Debug|x86
		{575FAEB6-3FB0-4BFB-9EC8-5981983996E2}.Release|Any CPU.ActiveCfg = Release|x86
		{575FAEB6-3FB0-4BFB-9EC8-5981983996E2}.Release|Any CPU.Build.0 = Release|x86
		{575FAEB6-3FB0-4BFB-9EC8-5981983996E2}.Release|Any CPU.Deploy.0 = Release|x86
		{575FAEB6-3FB0-4BFB-9EC8-5981983996E2}.Release|ARM.ActiveCfg = Release|ARM
		{575FAEB6-3FB0-4BFB-9EC8-5981983996E2}.Release|ARM.Build.0 = Release|ARM
		{575FAEB6-3FB0-4BFB-9EC8-5981983996E2}.Release|ARM.Deploy.0 = Release|ARM
		{575FAEB6-3FB0-4BFB-9EC8-5981983996E2}.Release|iPhone.ActiveCfg = Release|x86
		{575FAEB6-3FB0-4BFB-9EC8-5981983996E2}.Release|iPhone.Build.0 = Release|x86
		{575FAEB6-3FB0-4BFB-9EC8-5981983996E2}.Release|iPhone.Deploy.0 = Release|x86
		{575FAEB6-3FB0-4BFB-9EC8-5981983996E2}.Release|iPhoneSimulator.ActiveCfg = Release|x86
		{575FAEB6-3FB0-4BFB-9EC8-5981983996E2}.Release|iPhoneSimulator.Build.0 = Release|x86
		{575FAEB6-3FB0-4BFB-9EC8-5981983996E2}.Release|iPhoneSimulator.Deploy.0 = Release|x86
		{575FAEB6-3FB0-4BFB-9EC8-5981983996E2}.Release|x64.ActiveCfg = Release|x64
		{575FAEB6-3FB0-4BFB-9EC8-5981983996E2}.Release|x64.Build.0 = Release|x64
		{575FAEB6-3FB0-4BFB-9EC8-5981983996E2}.Release|x64.Deploy.0 = Release|x64
		{575FAEB6-3FB0-4BFB-9EC8-5981983996E2}.Release|x86.ActiveCfg = Release|x86
		{575FAEB6-3FB0-4BFB-9EC8-5981983996E2}.Release|x86.Build.0 = Release|x86
		{575FAEB6-3FB0-4BFB-9EC8-5981983996E2}.Release|x86.Deploy.0 = Release|x86
	EndGlobalSection
	GlobalSection(SolutionProperties) = preSolution
		HideSolutionNode = FALSE
	EndGlobalSection
	GlobalSection(ExtensibilityGlobals) = postSolution
		SolutionGuid = {581AB999-F482-4081-B480-541FCDEA04F5}
	EndGlobalSection
EndGlobal
